
Microsoft Visual Studio Solution File, Format Version 12.00
# Visual Studio Version 17
VisualStudioVersion = 17.11.35219.272
MinimumVisualStudioVersion = 10.0.40219.1
Project("{FAE04EC0-301F-11D3-BF4B-00C04F79EFBC}") = "teste2 GIT", "teste2 GIT\teste2 GIT.csproj", "{3C122683-8663-49BF-8295-69C78D8AD46C}"
EndProject
Global
	GlobalSection(SolutionConfigurationPlatforms) = preSolution
		Debug|Any CPU = Debug|Any CPU
		Release|Any CPU = Release|Any CPU
	EndGlobalSection
	GlobalSection(ProjectConfigurationPlatforms) = postSolution
		{3C122683-8663-49BF-8295-69C78D8AD46C}.Debug|Any CPU.ActiveCfg = Debug|Any CPU
		{3C122683-8663-49BF-8295-69C78D8AD46C}.Debug|Any CPU.Build.0 = Debug|Any CPU
		{3C122683-8663-49BF-8295-69C78D8AD46C}.Release|Any CPU.ActiveCfg = Release|Any CPU
		{3C122683-8663-49BF-8295-69C78D8AD46C}.Release|Any CPU.Build.0 = Release|Any CPU
	EndGlobalSection
	GlobalSection(SolutionProperties) = preSolution
		HideSolutionNode = FALSE
	EndGlobalSection
	GlobalSection(ExtensibilityGlobals) = postSolution
		SolutionGuid = {20ED5E27-AE06-42BE-BCEB-C7AA63FBDAA3}
	EndGlobalSection
EndGlobal
